
Microsoft Visual Studio Solution File, Format Version 12.00
# Visual Studio Version 16
VisualStudioVersion = 16.0.31229.75
MinimumVisualStudioVersion = 10.0.40219.1
Project("{8BC9CEB8-8B4A-11D0-8D11-00A0C91BC942}") = "mailslot", "mailslotclient\mailslotclient.vcxproj", "{44F5B07F-6F9A-4E1C-9C80-3259E1524AB5}"
EndProject
Global
	GlobalSection(SolutionConfigurationPlatforms) = preSolution
		Debug|x64 = Debug|x64
		Debug|x86 = Debug|x86
		Release|x64 = Release|x64
		Release|x86 = Release|x86
	EndGlobalSection
	GlobalSection(ProjectConfigurationPlatforms) = postSolution
		{44F5B07F-6F9A-4E1C-9C80-3259E1524AB5}.Debug|x64.ActiveCfg = Debug|x64
		{44F5B07F-6F9A-4E1C-9C80-3259E1524AB5}.Debug|x64.Build.0 = Debug|x64
		{44F5B07F-6F9A-4E1C-9C80-3259E1524AB5}.Debug|x86.ActiveCfg = Debug|Win32
		{44F5B07F-6F9A-4E1C-9C80-3259E1524AB5}.Debug|x86.Build.0 = Debug|Win32
		{44F5B07F-6F9A-4E1C-9C80-3259E1524AB5}.Release|x64.ActiveCfg = Release|x64
		{44F5B07F-6F9A-4E1C-9C80-3259E1524AB5}.Release|x64.Build.0 = Release|x64
		{44F5B07F-6F9A-4E1C-9C80-3259E1524AB5}.Release|x86.ActiveCfg = Release|Win32
		{44F5B07F-6F9A-4E1C-9C80-3259E1524AB5}.Release|x86.Build.0 = Release|Win32
	EndGlobalSection
	GlobalSection(SolutionProperties) = preSolution
		HideSolutionNode = FALSE
	EndGlobalSection
	GlobalSection(ExtensibilityGlobals) = postSolution
		SolutionGuid = {6225B171-423D-4FF7-9715-57B925DAB9AB}
	EndGlobalSection
EndGlobal
